
Microsoft Visual Studio Solution File, Format Version 12.00
# Visual Studio Version 17
VisualStudioVersion = 17.3.32811.315
MinimumVisualStudioVersion = 10.0.40219.1
Project("{2150E333-8FDC-42A3-9474-1A3956D46DE8}") = "Websites", "Websites", "{165E91A5-D55A-4B18-921C-515D4731B635}"
EndProject
Project("{2150E333-8FDC-42A3-9474-1A3956D46DE8}") = "APIs", "APIs", "{EF41194D-208B-420A-AF3B-7C74B6AFE5B4}"
EndProject
Project("{FAE04EC0-301F-11D3-BF4B-00C04F79EFBC}") = "GenericDataLayer", "GenericDataLayer\GenericDataLayer.csproj", "{21E06820-98D8-4EB3-AFB9-DFC8D3FFE6DA}"
EndProject
Project("{FAE04EC0-301F-11D3-BF4B-00C04F79EFBC}") = "Sapiens.FrontOffice", "UI.Intranet\Sapiens.FrontOffice.csproj", "{C03FD3B2-CBE1-4446-A5EF-AF25F8F4C117}"
EndProject
Project("{2150E333-8FDC-42A3-9474-1A3956D46DE8}") = "SQLDataAccess", "SQLDataAccess", "{5D09027E-1B58-457F-84E2-F002B46C0326}"
EndProject
Project("{FAE04EC0-301F-11D3-BF4B-00C04F79EFBC}") = "SPS_SDL_SQL", "SPS_SDL_SQL\SPS_SDL_SQL.csproj", "{649751C1-0513-42B8-802D-C5A4B43919B4}"
EndProject
Project("{2150E333-8FDC-42A3-9474-1A3956D46DE8}") = "Entities", "Entities", "{778E5C9F-E410-46A8-8862-7B83631F9496}"
EndProject
Project("{FAE04EC0-301F-11D3-BF4B-00C04F79EFBC}") = "Entities", "Entities\Entities.csproj", "{D12F6DC9-B431-42F0-8372-D4DCFE38EF0D}"
EndProject
Project("{FAE04EC0-301F-11D3-BF4B-00C04F79EFBC}") = "MSSQLDataLayer", "MSSQLDataLayer\MSSQLDataLayer.csproj", "{71D3C4E5-F153-4107-BDC6-AF7A8BB9589B}"
EndProject
Project("{2150E333-8FDC-42A3-9474-1A3956D46DE8}") = "Common", "Common", "{57FC4B14-6190-41F3-8898-5D5D4EF998E7}"
EndProject
Project("{9A19103F-16F7-4668-BE54-9A1E7A4F7556}") = "Sherite.ERP.Common", "Sherite.ERP.Common\Sherite.ERP.Common.csproj", "{094F2BB9-41BF-46C2-8774-893C322CB1E1}"
EndProject
Project("{2150E333-8FDC-42A3-9474-1A3956D46DE8}") = "Generic", "Generic", "{732FC5DF-354B-4DFE-9F6F-B29647F83CE0}"
EndProject
Project("{FAE04EC0-301F-11D3-BF4B-00C04F79EFBC}") = "Sapiens_Assistances_API", "Sapiens_Assistances_API\Sapiens_Assistances_API.csproj", "{D664D625-D61C-4F47-A475-D05B3C985221}"
EndProject
Project("{FAE04EC0-301F-11D3-BF4B-00C04F79EFBC}") = "Sapiens_Assistances_API.Tests", "Generic\Sapiens_Assistances_API.Tests\Sapiens_Assistances_API.Tests.csproj", "{3099BEE6-385E-4D24-BD83-896C87A102F2}"
EndProject
Project("{2150E333-8FDC-42A3-9474-1A3956D46DE8}") = "Tests", "Tests", "{0EDE9E61-FDE2-4F95-AEF6-5A96A18AD9EE}"
EndProject
Project("{FAE04EC0-301F-11D3-BF4B-00C04F79EFBC}") = "Sapiens_Insurances_API", "Sapiens_Insurances_API\Sapiens_Insurances_API.csproj", "{2988B151-7E82-47A9-AEA7-D69BC73CC81E}"
EndProject
Project("{FAE04EC0-301F-11D3-BF4B-00C04F79EFBC}") = "Sapiens_Products_API", "Sapiens_Products_API\Sapiens_Products_API.csproj", "{9835420E-8E84-47F7-922B-57BE3B024B7E}"
EndProject
Project("{FAE04EC0-301F-11D3-BF4B-00C04F79EFBC}") = "Sapiens_Products_API.Tests", "WebAPIs\Sapiens_Products_API.Tests\Sapiens_Products_API.Tests.csproj", "{FCF82744-AFF8-4D78-B87D-6797AF019E60}"
EndProject
Project("{FAE04EC0-301F-11D3-BF4B-00C04F79EFBC}") = "Sapiens_Prices_API", "Sapiens_Prices_API\Sapiens_Prices_API.csproj", "{EE7509B9-2938-4334-97C4-22C945E2567F}"
EndProject
Project("{FAE04EC0-301F-11D3-BF4B-00C04F79EFBC}") = "Sapiens_Prices_API.Tests", "WebAPIs\Sapiens_Prices_API.Tests\Sapiens_Prices_API.Tests.csproj", "{5C822B48-B9AB-4528-A82D-B79B712235EC}"
EndProject
Project("{FAE04EC0-301F-11D3-BF4B-00C04F79EFBC}") = "Sapiens_Quotes_API", "Sapiens_Quotes_API\Sapiens_Quotes_API.csproj", "{2BDED288-7B02-4B57-BE0C-F7C510C65B36}"
EndProject
Project("{FAE04EC0-301F-11D3-BF4B-00C04F79EFBC}") = "Sapiens_Quotes_API.Tests", "WebAPIs\Sapiens_Quotes_API.Tests\Sapiens_Quotes_API.Tests.csproj", "{7378FAE6-AD50-4842-B367-7191926E4416}"
EndProject
Project("{FAE04EC0-301F-11D3-BF4B-00C04F79EFBC}") = "Sapiens_Profit_Api", "Sapiens_Profit_Api\Sapiens_Profit_Api.csproj", "{7CA52704-5DDD-4B7C-84C8-E6A2D6F09CD0}"
EndProject
Project("{2150E333-8FDC-42A3-9474-1A3956D46DE8}") = "BRL", "BRL", "{634E8D57-BFC8-42DB-ADFC-B7477F1226D1}"
EndProject
Project("{FAE04EC0-301F-11D3-BF4B-00C04F79EFBC}") = "Sapiens_Assistances_BRL", "Sapiens_Assistances_BRL\Sapiens_Assistances_BRL.csproj", "{FBD2C8ED-7078-487D-91B7-F35DA841E580}"
EndProject
Project("{FAE04EC0-301F-11D3-BF4B-00C04F79EFBC}") = "Sapiens_Insurances_BRL", "Sapiens_Insurances_BRL\Sapiens_Insurances_BRL.csproj", "{C86D018B-4A49-49D0-8913-D7E0719495AE}"
EndProject
Project("{FAE04EC0-301F-11D3-BF4B-00C04F79EFBC}") = "Sapiens_Prices_BRL", "Sapiens_Prices_BRL\Sapiens_Prices_BRL.csproj", "{BADC3C48-373B-45A8-AB9A-24E557605EF9}"
EndProject
Project("{FAE04EC0-301F-11D3-BF4B-00C04F79EFBC}") = "Sapiens_Products_BRL", "Sapiens_Products_BRL\Sapiens_Products_BRL.csproj", "{F1556938-E0AA-4104-8CFD-68565027E4EE}"
EndProject
Project("{FAE04EC0-301F-11D3-BF4B-00C04F79EFBC}") = "Sapiens_Profit_BRL", "Sapirens_Profit_BRL\Sapiens_Profit_BRL.csproj", "{82C162AC-6C5D-49FE-BEC8-2E28445A1B8C}"
EndProject
Project("{FAE04EC0-301F-11D3-BF4B-00C04F79EFBC}") = "Sapiens_Quotes_BRL", "Sapiens_Quotes_BRL\Sapiens_Quotes_BRL.csproj", "{248FA613-78A1-4332-A487-FC36AC332310}"
EndProject
Project("{2150E333-8FDC-42A3-9474-1A3956D46DE8}") = "GDL", "GDL", "{52A14501-D145-495E-8076-22EF1C103965}"
EndProject
Project("{2150E333-8FDC-42A3-9474-1A3956D46DE8}") = "SDL", "SDL", "{C0C08137-2C95-407B-BB84-C0FA7DF6DFD9}"
EndProject
Project("{2150E333-8FDC-42A3-9474-1A3956D46DE8}") = "UI", "UI", "{121FC96E-5C17-42D1-8D34-9A48F28BC61B}"
EndProject
Project("{2150E333-8FDC-42A3-9474-1A3956D46DE8}") = "Libraries", "Libraries", "{962E458F-323B-433F-8BF2-084F5F0B5FCB}"
EndProject
Project("{FAE04EC0-301F-11D3-BF4B-00C04F79EFBC}") = "Sapiens_Common_BRL", "Sapiens_Common_BRL\Sapiens_Common_BRL.csproj", "{CAD5B866-39BE-4231-8A84-3C8606A37467}"
EndProject
Project("{FAE04EC0-301F-11D3-BF4B-00C04F79EFBC}") = "Sapiens_Common_Library", "Sapiens_Common_Library\Sapiens_Common_Library.csproj", "{C2F4ADD4-A255-464F-BF28-C3B3E02A6926}"
EndProject
Project("{2150E333-8FDC-42A3-9474-1A3956D46DE8}") = "Libraries", "Libraries", "{9C4C697A-E349-4CE1-8CC2-261A14823952}"
EndProject
Global
	GlobalSection(SolutionConfigurationPlatforms) = preSolution
		Debug|Any CPU = Debug|Any CPU
		Debug|x64 = Debug|x64
		dev|Any CPU = dev|Any CPU
		dev|x64 = dev|x64
		Release|Any CPU = Release|Any CPU
		Release|x64 = Release|x64
	EndGlobalSection
	GlobalSection(ProjectConfigurationPlatforms) = postSolution
		{21E06820-98D8-4EB3-AFB9-DFC8D3FFE6DA}.Debug|Any CPU.ActiveCfg = Debug|x64
		{21E06820-98D8-4EB3-AFB9-DFC8D3FFE6DA}.Debug|Any CPU.Build.0 = Debug|x64
		{21E06820-98D8-4EB3-AFB9-DFC8D3FFE6DA}.Debug|x64.ActiveCfg = Debug|x64
		{21E06820-98D8-4EB3-AFB9-DFC8D3FFE6DA}.Debug|x64.Build.0 = Debug|x64
		{21E06820-98D8-4EB3-AFB9-DFC8D3FFE6DA}.dev|Any CPU.ActiveCfg = dev|Any CPU
		{21E06820-98D8-4EB3-AFB9-DFC8D3FFE6DA}.dev|Any CPU.Build.0 = dev|Any CPU
		{21E06820-98D8-4EB3-AFB9-DFC8D3FFE6DA}.dev|x64.ActiveCfg = dev|x64
		{21E06820-98D8-4EB3-AFB9-DFC8D3FFE6DA}.dev|x64.Build.0 = dev|x64
		{21E06820-98D8-4EB3-AFB9-DFC8D3FFE6DA}.Release|Any CPU.ActiveCfg = Release|Any CPU
		{21E06820-98D8-4EB3-AFB9-DFC8D3FFE6DA}.Release|Any CPU.Build.0 = Release|Any CPU
		{21E06820-98D8-4EB3-AFB9-DFC8D3FFE6DA}.Release|x64.ActiveCfg = Release|x64
		{21E06820-98D8-4EB3-AFB9-DFC8D3FFE6DA}.Release|x64.Build.0 = Release|x64
		{C03FD3B2-CBE1-4446-A5EF-AF25F8F4C117}.Debug|Any CPU.ActiveCfg = Debug|x64
		{C03FD3B2-CBE1-4446-A5EF-AF25F8F4C117}.Debug|Any CPU.Build.0 = Debug|x64
		{C03FD3B2-CBE1-4446-A5EF-AF25F8F4C117}.Debug|x64.ActiveCfg = Debug|x64
		{C03FD3B2-CBE1-4446-A5EF-AF25F8F4C117}.Debug|x64.Build.0 = Debug|x64
		{C03FD3B2-CBE1-4446-A5EF-AF25F8F4C117}.dev|Any CPU.ActiveCfg = dev|Any CPU
		{C03FD3B2-CBE1-4446-A5EF-AF25F8F4C117}.dev|Any CPU.Build.0 = dev|Any CPU
		{C03FD3B2-CBE1-4446-A5EF-AF25F8F4C117}.dev|x64.ActiveCfg = dev|x64
		{C03FD3B2-CBE1-4446-A5EF-AF25F8F4C117}.dev|x64.Build.0 = dev|x64
		{C03FD3B2-CBE1-4446-A5EF-AF25F8F4C117}.Release|Any CPU.ActiveCfg = Release|Any CPU
		{C03FD3B2-CBE1-4446-A5EF-AF25F8F4C117}.Release|Any CPU.Build.0 = Release|Any CPU
		{C03FD3B2-CBE1-4446-A5EF-AF25F8F4C117}.Release|x64.ActiveCfg = Release|x64
		{C03FD3B2-CBE1-4446-A5EF-AF25F8F4C117}.Release|x64.Build.0 = Release|x64
		{649751C1-0513-42B8-802D-C5A4B43919B4}.Debug|Any CPU.ActiveCfg = Debug|x64
		{649751C1-0513-42B8-802D-C5A4B43919B4}.Debug|Any CPU.Build.0 = Debug|x64
		{649751C1-0513-42B8-802D-C5A4B43919B4}.Debug|x64.ActiveCfg = Debug|x64
		{649751C1-0513-42B8-802D-C5A4B43919B4}.Debug|x64.Build.0 = Debug|x64
		{649751C1-0513-42B8-802D-C5A4B43919B4}.dev|Any CPU.ActiveCfg = dev|Any CPU
		{649751C1-0513-42B8-802D-C5A4B43919B4}.dev|Any CPU.Build.0 = dev|Any CPU
		{649751C1-0513-42B8-802D-C5A4B43919B4}.dev|x64.ActiveCfg = dev|x64
		{649751C1-0513-42B8-802D-C5A4B43919B4}.dev|x64.Build.0 = dev|x64
		{649751C1-0513-42B8-802D-C5A4B43919B4}.Release|Any CPU.ActiveCfg = Release|Any CPU
		{649751C1-0513-42B8-802D-C5A4B43919B4}.Release|Any CPU.Build.0 = Release|Any CPU
		{649751C1-0513-42B8-802D-C5A4B43919B4}.Release|x64.ActiveCfg = Release|x64
		{649751C1-0513-42B8-802D-C5A4B43919B4}.Release|x64.Build.0 = Release|x64
		{D12F6DC9-B431-42F0-8372-D4DCFE38EF0D}.Debug|Any CPU.ActiveCfg = Debug|x64
		{D12F6DC9-B431-42F0-8372-D4DCFE38EF0D}.Debug|Any CPU.Build.0 = Debug|x64
		{D12F6DC9-B431-42F0-8372-D4DCFE38EF0D}.Debug|x64.ActiveCfg = Debug|x64
		{D12F6DC9-B431-42F0-8372-D4DCFE38EF0D}.Debug|x64.Build.0 = Debug|x64
		{D12F6DC9-B431-42F0-8372-D4DCFE38EF0D}.dev|Any CPU.ActiveCfg = dev|Any CPU
		{D12F6DC9-B431-42F0-8372-D4DCFE38EF0D}.dev|Any CPU.Build.0 = dev|Any CPU
		{D12F6DC9-B431-42F0-8372-D4DCFE38EF0D}.dev|x64.ActiveCfg = dev|x64
		{D12F6DC9-B431-42F0-8372-D4DCFE38EF0D}.dev|x64.Build.0 = dev|x64
		{D12F6DC9-B431-42F0-8372-D4DCFE38EF0D}.Release|Any CPU.ActiveCfg = Release|Any CPU
		{D12F6DC9-B431-42F0-8372-D4DCFE38EF0D}.Release|Any CPU.Build.0 = Release|Any CPU
		{D12F6DC9-B431-42F0-8372-D4DCFE38EF0D}.Release|x64.ActiveCfg = Release|x64
		{D12F6DC9-B431-42F0-8372-D4DCFE38EF0D}.Release|x64.Build.0 = Release|x64
		{71D3C4E5-F153-4107-BDC6-AF7A8BB9589B}.Debug|Any CPU.ActiveCfg = Debug|x64
		{71D3C4E5-F153-4107-BDC6-AF7A8BB9589B}.Debug|Any CPU.Build.0 = Debug|x64
		{71D3C4E5-F153-4107-BDC6-AF7A8BB9589B}.Debug|x64.ActiveCfg = Debug|x64
		{71D3C4E5-F153-4107-BDC6-AF7A8BB9589B}.Debug|x64.Build.0 = Debug|x64
		{71D3C4E5-F153-4107-BDC6-AF7A8BB9589B}.dev|Any CPU.ActiveCfg = Debug|Any CPU
		{71D3C4E5-F153-4107-BDC6-AF7A8BB9589B}.dev|Any CPU.Build.0 = Debug|Any CPU
		{71D3C4E5-F153-4107-BDC6-AF7A8BB9589B}.dev|x64.ActiveCfg = Debug|x64
		{71D3C4E5-F153-4107-BDC6-AF7A8BB9589B}.dev|x64.Build.0 = Debug|x64
		{71D3C4E5-F153-4107-BDC6-AF7A8BB9589B}.Release|Any CPU.ActiveCfg = Release|Any CPU
		{71D3C4E5-F153-4107-BDC6-AF7A8BB9589B}.Release|Any CPU.Build.0 = Release|Any CPU
		{71D3C4E5-F153-4107-BDC6-AF7A8BB9589B}.Release|x64.ActiveCfg = Release|x64
		{71D3C4E5-F153-4107-BDC6-AF7A8BB9589B}.Release|x64.Build.0 = Release|x64
		{094F2BB9-41BF-46C2-8774-893C322CB1E1}.Debug|Any CPU.ActiveCfg = Debug|x64
		{094F2BB9-41BF-46C2-8774-893C322CB1E1}.Debug|Any CPU.Build.0 = Debug|x64
		{094F2BB9-41BF-46C2-8774-893C322CB1E1}.Debug|x64.ActiveCfg = Debug|Any CPU
		{094F2BB9-41BF-46C2-8774-893C322CB1E1}.Debug|x64.Build.0 = Debug|Any CPU
		{094F2BB9-41BF-46C2-8774-893C322CB1E1}.dev|Any CPU.ActiveCfg = Debug|Any CPU
		{094F2BB9-41BF-46C2-8774-893C322CB1E1}.dev|Any CPU.Build.0 = Debug|Any CPU
		{094F2BB9-41BF-46C2-8774-893C322CB1E1}.dev|x64.ActiveCfg = Debug|x64
		{094F2BB9-41BF-46C2-8774-893C322CB1E1}.dev|x64.Build.0 = Debug|x64
		{094F2BB9-41BF-46C2-8774-893C322CB1E1}.Release|Any CPU.ActiveCfg = Release|Any CPU
		{094F2BB9-41BF-46C2-8774-893C322CB1E1}.Release|Any CPU.Build.0 = Release|Any CPU
		{094F2BB9-41BF-46C2-8774-893C322CB1E1}.Release|x64.ActiveCfg = Release|x64
		{094F2BB9-41BF-46C2-8774-893C322CB1E1}.Release|x64.Build.0 = Release|x64
		{D664D625-D61C-4F47-A475-D05B3C985221}.Debug|Any CPU.ActiveCfg = Debug|Any CPU
		{D664D625-D61C-4F47-A475-D05B3C985221}.Debug|Any CPU.Build.0 = Debug|Any CPU
		{D664D625-D61C-4F47-A475-D05B3C985221}.Debug|x64.ActiveCfg = Debug|Any CPU
		{D664D625-D61C-4F47-A475-D05B3C985221}.Debug|x64.Build.0 = Debug|Any CPU
		{D664D625-D61C-4F47-A475-D05B3C985221}.dev|Any CPU.ActiveCfg = Debug|Any CPU
		{D664D625-D61C-4F47-A475-D05B3C985221}.dev|Any CPU.Build.0 = Debug|Any CPU
		{D664D625-D61C-4F47-A475-D05B3C985221}.dev|x64.ActiveCfg = Debug|Any CPU
		{D664D625-D61C-4F47-A475-D05B3C985221}.dev|x64.Build.0 = Debug|Any CPU
		{D664D625-D61C-4F47-A475-D05B3C985221}.Release|Any CPU.ActiveCfg = Release|Any CPU
		{D664D625-D61C-4F47-A475-D05B3C985221}.Release|Any CPU.Build.0 = Release|Any CPU
		{D664D625-D61C-4F47-A475-D05B3C985221}.Release|x64.ActiveCfg = Release|Any CPU
		{D664D625-D61C-4F47-A475-D05B3C985221}.Release|x64.Build.0 = Release|Any CPU
		{3099BEE6-385E-4D24-BD83-896C87A102F2}.Debug|Any CPU.ActiveCfg = Debug|Any CPU
		{3099BEE6-385E-4D24-BD83-896C87A102F2}.Debug|Any CPU.Build.0 = Debug|Any CPU
		{3099BEE6-385E-4D24-BD83-896C87A102F2}.Debug|x64.ActiveCfg = Debug|Any CPU
		{3099BEE6-385E-4D24-BD83-896C87A102F2}.Debug|x64.Build.0 = Debug|Any CPU
		{3099BEE6-385E-4D24-BD83-896C87A102F2}.dev|Any CPU.ActiveCfg = Debug|Any CPU
		{3099BEE6-385E-4D24-BD83-896C87A102F2}.dev|Any CPU.Build.0 = Debug|Any CPU
		{3099BEE6-385E-4D24-BD83-896C87A102F2}.dev|x64.ActiveCfg = Debug|Any CPU
		{3099BEE6-385E-4D24-BD83-896C87A102F2}.dev|x64.Build.0 = Debug|Any CPU
		{3099BEE6-385E-4D24-BD83-896C87A102F2}.Release|Any CPU.ActiveCfg = Release|Any CPU
		{3099BEE6-385E-4D24-BD83-896C87A102F2}.Release|Any CPU.Build.0 = Release|Any CPU
		{3099BEE6-385E-4D24-BD83-896C87A102F2}.Release|x64.ActiveCfg = Release|Any CPU
		{3099BEE6-385E-4D24-BD83-896C87A102F2}.Release|x64.Build.0 = Release|Any CPU
		{2988B151-7E82-47A9-AEA7-D69BC73CC81E}.Debug|Any CPU.ActiveCfg = Debug|Any CPU
		{2988B151-7E82-47A9-AEA7-D69BC73CC81E}.Debug|Any CPU.Build.0 = Debug|Any CPU
		{2988B151-7E82-47A9-AEA7-D69BC73CC81E}.Debug|x64.ActiveCfg = Debug|Any CPU
		{2988B151-7E82-47A9-AEA7-D69BC73CC81E}.Debug|x64.Build.0 = Debug|Any CPU
		{2988B151-7E82-47A9-AEA7-D69BC73CC81E}.dev|Any CPU.ActiveCfg = Debug|Any CPU
		{2988B151-7E82-47A9-AEA7-D69BC73CC81E}.dev|Any CPU.Build.0 = Debug|Any CPU
		{2988B151-7E82-47A9-AEA7-D69BC73CC81E}.dev|x64.ActiveCfg = Debug|Any CPU
		{2988B151-7E82-47A9-AEA7-D69BC73CC81E}.dev|x64.Build.0 = Debug|Any CPU
		{2988B151-7E82-47A9-AEA7-D69BC73CC81E}.Release|Any CPU.ActiveCfg = Release|Any CPU
		{2988B151-7E82-47A9-AEA7-D69BC73CC81E}.Release|Any CPU.Build.0 = Release|Any CPU
		{2988B151-7E82-47A9-AEA7-D69BC73CC81E}.Release|x64.ActiveCfg = Release|Any CPU
		{2988B151-7E82-47A9-AEA7-D69BC73CC81E}.Release|x64.Build.0 = Release|Any CPU
		{9835420E-8E84-47F7-922B-57BE3B024B7E}.Debug|Any CPU.ActiveCfg = Debug|Any CPU
		{9835420E-8E84-47F7-922B-57BE3B024B7E}.Debug|Any CPU.Build.0 = Debug|Any CPU
		{9835420E-8E84-47F7-922B-57BE3B024B7E}.Debug|x64.ActiveCfg = Debug|Any CPU
		{9835420E-8E84-47F7-922B-57BE3B024B7E}.Debug|x64.Build.0 = Debug|Any CPU
		{9835420E-8E84-47F7-922B-57BE3B024B7E}.dev|Any CPU.ActiveCfg = Debug|Any CPU
		{9835420E-8E84-47F7-922B-57BE3B024B7E}.dev|Any CPU.Build.0 = Debug|Any CPU
		{9835420E-8E84-47F7-922B-57BE3B024B7E}.dev|x64.ActiveCfg = Debug|Any CPU
		{9835420E-8E84-47F7-922B-57BE3B024B7E}.dev|x64.Build.0 = Debug|Any CPU
		{9835420E-8E84-47F7-922B-57BE3B024B7E}.Release|Any CPU.ActiveCfg = Release|Any CPU
		{9835420E-8E84-47F7-922B-57BE3B024B7E}.Release|Any CPU.Build.0 = Release|Any CPU
		{9835420E-8E84-47F7-922B-57BE3B024B7E}.Release|x64.ActiveCfg = Release|Any CPU
		{9835420E-8E84-47F7-922B-57BE3B024B7E}.Release|x64.Build.0 = Release|Any CPU
		{FCF82744-AFF8-4D78-B87D-6797AF019E60}.Debug|Any CPU.ActiveCfg = Debug|Any CPU
		{FCF82744-AFF8-4D78-B87D-6797AF019E60}.Debug|Any CPU.Build.0 = Debug|Any CPU
		{FCF82744-AFF8-4D78-B87D-6797AF019E60}.Debug|x64.ActiveCfg = Debug|Any CPU
		{FCF82744-AFF8-4D78-B87D-6797AF019E60}.Debug|x64.Build.0 = Debug|Any CPU
		{FCF82744-AFF8-4D78-B87D-6797AF019E60}.dev|Any CPU.ActiveCfg = Debug|Any CPU
		{FCF82744-AFF8-4D78-B87D-6797AF019E60}.dev|Any CPU.Build.0 = Debug|Any CPU
		{FCF82744-AFF8-4D78-B87D-6797AF019E60}.dev|x64.ActiveCfg = Debug|Any CPU
		{FCF82744-AFF8-4D78-B87D-6797AF019E60}.dev|x64.Build.0 = Debug|Any CPU
		{FCF82744-AFF8-4D78-B87D-6797AF019E60}.Release|Any CPU.ActiveCfg = Release|Any CPU
		{FCF82744-AFF8-4D78-B87D-6797AF019E60}.Release|Any CPU.Build.0 = Release|Any CPU
		{FCF82744-AFF8-4D78-B87D-6797AF019E60}.Release|x64.ActiveCfg = Release|Any CPU
		{FCF82744-AFF8-4D78-B87D-6797AF019E60}.Release|x64.Build.0 = Release|Any CPU
		{EE7509B9-2938-4334-97C4-22C945E2567F}.Debug|Any CPU.ActiveCfg = Debug|Any CPU
		{EE7509B9-2938-4334-97C4-22C945E2567F}.Debug|Any CPU.Build.0 = Debug|Any CPU
		{EE7509B9-2938-4334-97C4-22C945E2567F}.Debug|x64.ActiveCfg = Debug|Any CPU
		{EE7509B9-2938-4334-97C4-22C945E2567F}.Debug|x64.Build.0 = Debug|Any CPU
		{EE7509B9-2938-4334-97C4-22C945E2567F}.dev|Any CPU.ActiveCfg = Debug|Any CPU
		{EE7509B9-2938-4334-97C4-22C945E2567F}.dev|Any CPU.Build.0 = Debug|Any CPU
		{EE7509B9-2938-4334-97C4-22C945E2567F}.dev|x64.ActiveCfg = Debug|Any CPU
		{EE7509B9-2938-4334-97C4-22C945E2567F}.dev|x64.Build.0 = Debug|Any CPU
		{EE7509B9-2938-4334-97C4-22C945E2567F}.Release|Any CPU.ActiveCfg = Release|Any CPU
		{EE7509B9-2938-4334-97C4-22C945E2567F}.Release|Any CPU.Build.0 = Release|Any CPU
		{EE7509B9-2938-4334-97C4-22C945E2567F}.Release|x64.ActiveCfg = Release|Any CPU
		{EE7509B9-2938-4334-97C4-22C945E2567F}.Release|x64.Build.0 = Release|Any CPU
		{5C822B48-B9AB-4528-A82D-B79B712235EC}.Debug|Any CPU.ActiveCfg = Debug|Any CPU
		{5C822B48-B9AB-4528-A82D-B79B712235EC}.Debug|Any CPU.Build.0 = Debug|Any CPU
		{5C822B48-B9AB-4528-A82D-B79B712235EC}.Debug|x64.ActiveCfg = Debug|Any CPU
		{5C822B48-B9AB-4528-A82D-B79B712235EC}.Debug|x64.Build.0 = Debug|Any CPU
		{5C822B48-B9AB-4528-A82D-B79B712235EC}.dev|Any CPU.ActiveCfg = Debug|Any CPU
		{5C822B48-B9AB-4528-A82D-B79B712235EC}.dev|Any CPU.Build.0 = Debug|Any CPU
		{5C822B48-B9AB-4528-A82D-B79B712235EC}.dev|x64.ActiveCfg = Debug|Any CPU
		{5C822B48-B9AB-4528-A82D-B79B712235EC}.dev|x64.Build.0 = Debug|Any CPU
		{5C822B48-B9AB-4528-A82D-B79B712235EC}.Release|Any CPU.ActiveCfg = Release|Any CPU
		{5C822B48-B9AB-4528-A82D-B79B712235EC}.Release|Any CPU.Build.0 = Release|Any CPU
		{5C822B48-B9AB-4528-A82D-B79B712235EC}.Release|x64.ActiveCfg = Release|Any CPU
		{5C822B48-B9AB-4528-A82D-B79B712235EC}.Release|x64.Build.0 = Release|Any CPU
		{2BDED288-7B02-4B57-BE0C-F7C510C65B36}.Debug|Any CPU.ActiveCfg = Debug|Any CPU
		{2BDED288-7B02-4B57-BE0C-F7C510C65B36}.Debug|Any CPU.Build.0 = Debug|Any CPU
		{2BDED288-7B02-4B57-BE0C-F7C510C65B36}.Debug|x64.ActiveCfg = Debug|Any CPU
		{2BDED288-7B02-4B57-BE0C-F7C510C65B36}.Debug|x64.Build.0 = Debug|Any CPU
		{2BDED288-7B02-4B57-BE0C-F7C510C65B36}.dev|Any CPU.ActiveCfg = Debug|Any CPU
		{2BDED288-7B02-4B57-BE0C-F7C510C65B36}.dev|Any CPU.Build.0 = Debug|Any CPU
		{2BDED288-7B02-4B57-BE0C-F7C510C65B36}.dev|x64.ActiveCfg = Debug|Any CPU
		{2BDED288-7B02-4B57-BE0C-F7C510C65B36}.dev|x64.Build.0 = Debug|Any CPU
		{2BDED288-7B02-4B57-BE0C-F7C510C65B36}.Release|Any CPU.ActiveCfg = Release|Any CPU
		{2BDED288-7B02-4B57-BE0C-F7C510C65B36}.Release|Any CPU.Build.0 = Release|Any CPU
		{2BDED288-7B02-4B57-BE0C-F7C510C65B36}.Release|x64.ActiveCfg = Release|Any CPU
		{2BDED288-7B02-4B57-BE0C-F7C510C65B36}.Release|x64.Build.0 = Release|Any CPU
		{7378FAE6-AD50-4842-B367-7191926E4416}.Debug|Any CPU.ActiveCfg = Debug|Any CPU
		{7378FAE6-AD50-4842-B367-7191926E4416}.Debug|Any CPU.Build.0 = Debug|Any CPU
		{7378FAE6-AD50-4842-B367-7191926E4416}.Debug|x64.ActiveCfg = Debug|Any CPU
		{7378FAE6-AD50-4842-B367-7191926E4416}.Debug|x64.Build.0 = Debug|Any CPU
		{7378FAE6-AD50-4842-B367-7191926E4416}.dev|Any CPU.ActiveCfg = Debug|Any CPU
		{7378FAE6-AD50-4842-B367-7191926E4416}.dev|Any CPU.Build.0 = Debug|Any CPU
		{7378FAE6-AD50-4842-B367-7191926E4416}.dev|x64.ActiveCfg = Debug|Any CPU
		{7378FAE6-AD50-4842-B367-7191926E4416}.dev|x64.Build.0 = Debug|Any CPU
		{7378FAE6-AD50-4842-B367-7191926E4416}.Release|Any CPU.ActiveCfg = Release|Any CPU
		{7378FAE6-AD50-4842-B367-7191926E4416}.Release|Any CPU.Build.0 = Release|Any CPU
		{7378FAE6-AD50-4842-B367-7191926E4416}.Release|x64.ActiveCfg = Release|Any CPU
		{7378FAE6-AD50-4842-B367-7191926E4416}.Release|x64.Build.0 = Release|Any CPU
		{7CA52704-5DDD-4B7C-84C8-E6A2D6F09CD0}.Debug|Any CPU.ActiveCfg = Debug|Any CPU
		{7CA52704-5DDD-4B7C-84C8-E6A2D6F09CD0}.Debug|Any CPU.Build.0 = Debug|Any CPU
		{7CA52704-5DDD-4B7C-84C8-E6A2D6F09CD0}.Debug|x64.ActiveCfg = Debug|Any CPU
		{7CA52704-5DDD-4B7C-84C8-E6A2D6F09CD0}.Debug|x64.Build.0 = Debug|Any CPU
		{7CA52704-5DDD-4B7C-84C8-E6A2D6F09CD0}.dev|Any CPU.ActiveCfg = Debug|Any CPU
		{7CA52704-5DDD-4B7C-84C8-E6A2D6F09CD0}.dev|Any CPU.Build.0 = Debug|Any CPU
		{7CA52704-5DDD-4B7C-84C8-E6A2D6F09CD0}.dev|x64.ActiveCfg = Debug|Any CPU
		{7CA52704-5DDD-4B7C-84C8-E6A2D6F09CD0}.dev|x64.Build.0 = Debug|Any CPU
		{7CA52704-5DDD-4B7C-84C8-E6A2D6F09CD0}.Release|Any CPU.ActiveCfg = Release|Any CPU
		{7CA52704-5DDD-4B7C-84C8-E6A2D6F09CD0}.Release|Any CPU.Build.0 = Release|Any CPU
		{7CA52704-5DDD-4B7C-84C8-E6A2D6F09CD0}.Release|x64.ActiveCfg = Release|Any CPU
		{7CA52704-5DDD-4B7C-84C8-E6A2D6F09CD0}.Release|x64.Build.0 = Release|Any CPU
		{FBD2C8ED-7078-487D-91B7-F35DA841E580}.Debug|Any CPU.ActiveCfg = Debug|Any CPU
		{FBD2C8ED-7078-487D-91B7-F35DA841E580}.Debug|Any CPU.Build.0 = Debug|Any CPU
		{FBD2C8ED-7078-487D-91B7-F35DA841E580}.Debug|x64.ActiveCfg = Debug|Any CPU
		{FBD2C8ED-7078-487D-91B7-F35DA841E580}.Debug|x64.Build.0 = Debug|Any CPU
		{FBD2C8ED-7078-487D-91B7-F35DA841E580}.dev|Any CPU.ActiveCfg = Debug|Any CPU
		{FBD2C8ED-7078-487D-91B7-F35DA841E580}.dev|Any CPU.Build.0 = Debug|Any CPU
		{FBD2C8ED-7078-487D-91B7-F35DA841E580}.dev|x64.ActiveCfg = Debug|Any CPU
		{FBD2C8ED-7078-487D-91B7-F35DA841E580}.dev|x64.Build.0 = Debug|Any CPU
		{FBD2C8ED-7078-487D-91B7-F35DA841E580}.Release|Any CPU.ActiveCfg = Release|Any CPU
		{FBD2C8ED-7078-487D-91B7-F35DA841E580}.Release|Any CPU.Build.0 = Release|Any CPU
		{FBD2C8ED-7078-487D-91B7-F35DA841E580}.Release|x64.ActiveCfg = Release|Any CPU
		{FBD2C8ED-7078-487D-91B7-F35DA841E580}.Release|x64.Build.0 = Release|Any CPU
		{C86D018B-4A49-49D0-8913-D7E0719495AE}.Debug|Any CPU.ActiveCfg = Debug|Any CPU
		{C86D018B-4A49-49D0-8913-D7E0719495AE}.Debug|Any CPU.Build.0 = Debug|Any CPU
		{C86D018B-4A49-49D0-8913-D7E0719495AE}.Debug|x64.ActiveCfg = Debug|Any CPU
		{C86D018B-4A49-49D0-8913-D7E0719495AE}.Debug|x64.Build.0 = Debug|Any CPU
		{C86D018B-4A49-49D0-8913-D7E0719495AE}.dev|Any CPU.ActiveCfg = Debug|Any CPU
		{C86D018B-4A49-49D0-8913-D7E0719495AE}.dev|Any CPU.Build.0 = Debug|Any CPU
		{C86D018B-4A49-49D0-8913-D7E0719495AE}.dev|x64.ActiveCfg = Debug|Any CPU
		{C86D018B-4A49-49D0-8913-D7E0719495AE}.dev|x64.Build.0 = Debug|Any CPU
		{C86D018B-4A49-49D0-8913-D7E0719495AE}.Release|Any CPU.ActiveCfg = Release|Any CPU
		{C86D018B-4A49-49D0-8913-D7E0719495AE}.Release|Any CPU.Build.0 = Release|Any CPU
		{C86D018B-4A49-49D0-8913-D7E0719495AE}.Release|x64.ActiveCfg = Release|Any CPU
		{C86D018B-4A49-49D0-8913-D7E0719495AE}.Release|x64.Build.0 = Release|Any CPU
		{BADC3C48-373B-45A8-AB9A-24E557605EF9}.Debug|Any CPU.ActiveCfg = Debug|Any CPU
		{BADC3C48-373B-45A8-AB9A-24E557605EF9}.Debug|Any CPU.Build.0 = Debug|Any CPU
		{BADC3C48-373B-45A8-AB9A-24E557605EF9}.Debug|x64.ActiveCfg = Debug|Any CPU
		{BADC3C48-373B-45A8-AB9A-24E557605EF9}.Debug|x64.Build.0 = Debug|Any CPU
		{BADC3C48-373B-45A8-AB9A-24E557605EF9}.dev|Any CPU.ActiveCfg = Debug|Any CPU
		{BADC3C48-373B-45A8-AB9A-24E557605EF9}.dev|Any CPU.Build.0 = Debug|Any CPU
		{BADC3C48-373B-45A8-AB9A-24E557605EF9}.dev|x64.ActiveCfg = Debug|Any CPU
		{BADC3C48-373B-45A8-AB9A-24E557605EF9}.dev|x64.Build.0 = Debug|Any CPU
		{BADC3C48-373B-45A8-AB9A-24E557605EF9}.Release|Any CPU.ActiveCfg = Release|Any CPU
		{BADC3C48-373B-45A8-AB9A-24E557605EF9}.Release|Any CPU.Build.0 = Release|Any CPU
		{BADC3C48-373B-45A8-AB9A-24E557605EF9}.Release|x64.ActiveCfg = Release|Any CPU
		{BADC3C48-373B-45A8-AB9A-24E557605EF9}.Release|x64.Build.0 = Release|Any CPU
		{F1556938-E0AA-4104-8CFD-68565027E4EE}.Debug|Any CPU.ActiveCfg = Debug|Any CPU
		{F1556938-E0AA-4104-8CFD-68565027E4EE}.Debug|Any CPU.Build.0 = Debug|Any CPU
		{F1556938-E0AA-4104-8CFD-68565027E4EE}.Debug|x64.ActiveCfg = Debug|Any CPU
		{F1556938-E0AA-4104-8CFD-68565027E4EE}.Debug|x64.Build.0 = Debug|Any CPU
		{F1556938-E0AA-4104-8CFD-68565027E4EE}.dev|Any CPU.ActiveCfg = Debug|Any CPU
		{F1556938-E0AA-4104-8CFD-68565027E4EE}.dev|Any CPU.Build.0 = Debug|Any CPU
		{F1556938-E0AA-4104-8CFD-68565027E4EE}.dev|x64.ActiveCfg = Debug|Any CPU
		{F1556938-E0AA-4104-8CFD-68565027E4EE}.dev|x64.Build.0 = Debug|Any CPU
		{F1556938-E0AA-4104-8CFD-68565027E4EE}.Release|Any CPU.ActiveCfg = Release|Any CPU
		{F1556938-E0AA-4104-8CFD-68565027E4EE}.Release|Any CPU.Build.0 = Release|Any CPU
		{F1556938-E0AA-4104-8CFD-68565027E4EE}.Release|x64.ActiveCfg = Release|Any CPU
		{F1556938-E0AA-4104-8CFD-68565027E4EE}.Release|x64.Build.0 = Release|Any CPU
		{82C162AC-6C5D-49FE-BEC8-2E28445A1B8C}.Debug|Any CPU.ActiveCfg = Debug|Any CPU
		{82C162AC-6C5D-49FE-BEC8-2E28445A1B8C}.Debug|Any CPU.Build.0 = Debug|Any CPU
		{82C162AC-6C5D-49FE-BEC8-2E28445A1B8C}.Debug|x64.ActiveCfg = Debug|Any CPU
		{82C162AC-6C5D-49FE-BEC8-2E28445A1B8C}.Debug|x64.Build.0 = Debug|Any CPU
		{82C162AC-6C5D-49FE-BEC8-2E28445A1B8C}.dev|Any CPU.ActiveCfg = Debug|Any CPU
		{82C162AC-6C5D-49FE-BEC8-2E28445A1B8C}.dev|Any CPU.Build.0 = Debug|Any CPU
		{82C162AC-6C5D-49FE-BEC8-2E28445A1B8C}.dev|x64.ActiveCfg = Debug|Any CPU
		{82C162AC-6C5D-49FE-BEC8-2E28445A1B8C}.dev|x64.Build.0 = Debug|Any CPU
		{82C162AC-6C5D-49FE-BEC8-2E28445A1B8C}.Release|Any CPU.ActiveCfg = Release|Any CPU
		{82C162AC-6C5D-49FE-BEC8-2E28445A1B8C}.Release|Any CPU.Build.0 = Release|Any CPU
		{82C162AC-6C5D-49FE-BEC8-2E28445A1B8C}.Release|x64.ActiveCfg = Release|Any CPU
		{82C162AC-6C5D-49FE-BEC8-2E28445A1B8C}.Release|x64.Build.0 = Release|Any CPU
		{248FA613-78A1-4332-A487-FC36AC332310}.Debug|Any CPU.ActiveCfg = Debug|Any CPU
		{248FA613-78A1-4332-A487-FC36AC332310}.Debug|Any CPU.Build.0 = Debug|Any CPU
		{248FA613-78A1-4332-A487-FC36AC332310}.Debug|x64.ActiveCfg = Debug|Any CPU
		{248FA613-78A1-4332-A487-FC36AC332310}.Debug|x64.Build.0 = Debug|Any CPU
		{248FA613-78A1-4332-A487-FC36AC332310}.dev|Any CPU.ActiveCfg = Debug|Any CPU
		{248FA613-78A1-4332-A487-FC36AC332310}.dev|Any CPU.Build.0 = Debug|Any CPU
		{248FA613-78A1-4332-A487-FC36AC332310}.dev|x64.ActiveCfg = Debug|Any CPU
		{248FA613-78A1-4332-A487-FC36AC332310}.dev|x64.Build.0 = Debug|Any CPU
		{248FA613-78A1-4332-A487-FC36AC332310}.Release|Any CPU.ActiveCfg = Release|Any CPU
		{248FA613-78A1-4332-A487-FC36AC332310}.Release|Any CPU.Build.0 = Release|Any CPU
		{248FA613-78A1-4332-A487-FC36AC332310}.Release|x64.ActiveCfg = Release|Any CPU
		{248FA613-78A1-4332-A487-FC36AC332310}.Release|x64.Build.0 = Release|Any CPU
		{CAD5B866-39BE-4231-8A84-3C8606A37467}.Debug|Any CPU.ActiveCfg = Debug|Any CPU
		{CAD5B866-39BE-4231-8A84-3C8606A37467}.Debug|Any CPU.Build.0 = Debug|Any CPU
		{CAD5B866-39BE-4231-8A84-3C8606A37467}.Debug|x64.ActiveCfg = Debug|Any CPU
		{CAD5B866-39BE-4231-8A84-3C8606A37467}.Debug|x64.Build.0 = Debug|Any CPU
		{CAD5B866-39BE-4231-8A84-3C8606A37467}.dev|Any CPU.ActiveCfg = Debug|Any CPU
		{CAD5B866-39BE-4231-8A84-3C8606A37467}.dev|Any CPU.Build.0 = Debug|Any CPU
		{CAD5B866-39BE-4231-8A84-3C8606A37467}.dev|x64.ActiveCfg = Debug|Any CPU
		{CAD5B866-39BE-4231-8A84-3C8606A37467}.dev|x64.Build.0 = Debug|Any CPU
		{CAD5B866-39BE-4231-8A84-3C8606A37467}.Release|Any CPU.ActiveCfg = Release|Any CPU
		{CAD5B866-39BE-4231-8A84-3C8606A37467}.Release|Any CPU.Build.0 = Release|Any CPU
		{CAD5B866-39BE-4231-8A84-3C8606A37467}.Release|x64.ActiveCfg = Release|Any CPU
		{CAD5B866-39BE-4231-8A84-3C8606A37467}.Release|x64.Build.0 = Release|Any CPU
		{C2F4ADD4-A255-464F-BF28-C3B3E02A6926}.Debug|Any CPU.ActiveCfg = Debug|Any CPU
		{C2F4ADD4-A255-464F-BF28-C3B3E02A6926}.Debug|Any CPU.Build.0 = Debug|Any CPU
		{C2F4ADD4-A255-464F-BF28-C3B3E02A6926}.Debug|x64.ActiveCfg = Debug|Any CPU
		{C2F4ADD4-A255-464F-BF28-C3B3E02A6926}.Debug|x64.Build.0 = Debug|Any CPU
		{C2F4ADD4-A255-464F-BF28-C3B3E02A6926}.dev|Any CPU.ActiveCfg = Debug|Any CPU
		{C2F4ADD4-A255-464F-BF28-C3B3E02A6926}.dev|Any CPU.Build.0 = Debug|Any CPU
		{C2F4ADD4-A255-464F-BF28-C3B3E02A6926}.dev|x64.ActiveCfg = Debug|Any CPU
		{C2F4ADD4-A255-464F-BF28-C3B3E02A6926}.dev|x64.Build.0 = Debug|Any CPU
		{C2F4ADD4-A255-464F-BF28-C3B3E02A6926}.Release|Any CPU.ActiveCfg = Release|Any CPU
		{C2F4ADD4-A255-464F-BF28-C3B3E02A6926}.Release|Any CPU.Build.0 = Release|Any CPU
		{C2F4ADD4-A255-464F-BF28-C3B3E02A6926}.Release|x64.ActiveCfg = Release|Any CPU
		{C2F4ADD4-A255-464F-BF28-C3B3E02A6926}.Release|x64.Build.0 = Release|Any CPU
	EndGlobalSection
	GlobalSection(SolutionProperties) = preSolution
		HideSolutionNode = FALSE
	EndGlobalSection
	GlobalSection(NestedProjects) = preSolution
		{165E91A5-D55A-4B18-921C-515D4731B635} = {121FC96E-5C17-42D1-8D34-9A48F28BC61B}
		{EF41194D-208B-420A-AF3B-7C74B6AFE5B4} = {52A14501-D145-495E-8076-22EF1C103965}
		{21E06820-98D8-4EB3-AFB9-DFC8D3FFE6DA} = {732FC5DF-354B-4DFE-9F6F-B29647F83CE0}
		{C03FD3B2-CBE1-4446-A5EF-AF25F8F4C117} = {165E91A5-D55A-4B18-921C-515D4731B635}
		{5D09027E-1B58-457F-84E2-F002B46C0326} = {C0C08137-2C95-407B-BB84-C0FA7DF6DFD9}
		{649751C1-0513-42B8-802D-C5A4B43919B4} = {5D09027E-1B58-457F-84E2-F002B46C0326}
		{778E5C9F-E410-46A8-8862-7B83631F9496} = {52A14501-D145-495E-8076-22EF1C103965}
		{D12F6DC9-B431-42F0-8372-D4DCFE38EF0D} = {778E5C9F-E410-46A8-8862-7B83631F9496}
		{71D3C4E5-F153-4107-BDC6-AF7A8BB9589B} = {5D09027E-1B58-457F-84E2-F002B46C0326}
		{57FC4B14-6190-41F3-8898-5D5D4EF998E7} = {634E8D57-BFC8-42DB-ADFC-B7477F1226D1}
		{094F2BB9-41BF-46C2-8774-893C322CB1E1} = {57FC4B14-6190-41F3-8898-5D5D4EF998E7}
		{732FC5DF-354B-4DFE-9F6F-B29647F83CE0} = {EF41194D-208B-420A-AF3B-7C74B6AFE5B4}
		{D664D625-D61C-4F47-A475-D05B3C985221} = {EF41194D-208B-420A-AF3B-7C74B6AFE5B4}
		{3099BEE6-385E-4D24-BD83-896C87A102F2} = {0EDE9E61-FDE2-4F95-AEF6-5A96A18AD9EE}
		{0EDE9E61-FDE2-4F95-AEF6-5A96A18AD9EE} = {EF41194D-208B-420A-AF3B-7C74B6AFE5B4}
		{2988B151-7E82-47A9-AEA7-D69BC73CC81E} = {EF41194D-208B-420A-AF3B-7C74B6AFE5B4}
		{9835420E-8E84-47F7-922B-57BE3B024B7E} = {EF41194D-208B-420A-AF3B-7C74B6AFE5B4}
		{FCF82744-AFF8-4D78-B87D-6797AF019E60} = {0EDE9E61-FDE2-4F95-AEF6-5A96A18AD9EE}
		{EE7509B9-2938-4334-97C4-22C945E2567F} = {EF41194D-208B-420A-AF3B-7C74B6AFE5B4}
		{5C822B48-B9AB-4528-A82D-B79B712235EC} = {0EDE9E61-FDE2-4F95-AEF6-5A96A18AD9EE}
		{2BDED288-7B02-4B57-BE0C-F7C510C65B36} = {EF41194D-208B-420A-AF3B-7C74B6AFE5B4}
		{7378FAE6-AD50-4842-B367-7191926E4416} = {0EDE9E61-FDE2-4F95-AEF6-5A96A18AD9EE}
		{7CA52704-5DDD-4B7C-84C8-E6A2D6F09CD0} = {EF41194D-208B-420A-AF3B-7C74B6AFE5B4}
		{FBD2C8ED-7078-487D-91B7-F35DA841E580} = {962E458F-323B-433F-8BF2-084F5F0B5FCB}
		{C86D018B-4A49-49D0-8913-D7E0719495AE} = {962E458F-323B-433F-8BF2-084F5F0B5FCB}
		{BADC3C48-373B-45A8-AB9A-24E557605EF9} = {962E458F-323B-433F-8BF2-084F5F0B5FCB}
		{F1556938-E0AA-4104-8CFD-68565027E4EE} = {962E458F-323B-433F-8BF2-084F5F0B5FCB}
		{82C162AC-6C5D-49FE-BEC8-2E28445A1B8C} = {962E458F-323B-433F-8BF2-084F5F0B5FCB}
		{248FA613-78A1-4332-A487-FC36AC332310} = {962E458F-323B-433F-8BF2-084F5F0B5FCB}
		{962E458F-323B-433F-8BF2-084F5F0B5FCB} = {634E8D57-BFC8-42DB-ADFC-B7477F1226D1}
		{CAD5B866-39BE-4231-8A84-3C8606A37467} = {57FC4B14-6190-41F3-8898-5D5D4EF998E7}
		{C2F4ADD4-A255-464F-BF28-C3B3E02A6926} = {9C4C697A-E349-4CE1-8CC2-261A14823952}
		{9C4C697A-E349-4CE1-8CC2-261A14823952} = {52A14501-D145-495E-8076-22EF1C103965}
	EndGlobalSection
	GlobalSection(ExtensibilityGlobals) = postSolution
		SolutionGuid = {CDAAC460-CA9C-4B95-B1F8-35B1AE9C22EB}
	EndGlobalSection
	GlobalSection(Performance) = preSolution
		HasPerformanceSessions = true
	EndGlobalSection
	GlobalSection(Performance) = preSolution
		HasPerformanceSessions = true
	EndGlobalSection
EndGlobal
